// !$*UTF8*$!
{
	archiveVersion = 1;
	classes = {
	};
	objectVersion = 50;
	objects = {

/* Begin PBXBuildFile section */
		B779FD4824A5D6880083E5A4 /* RowView.swift in Sources */ = {isa = PBXBuildFile; fileRef = B779FD4724A5D6880083E5A4 /* RowView.swift */; };
		B779FD4A24A5DE020083E5A4 /* TaskEditingView.swift in Sources */ = {isa = PBXBuildFile; fileRef = B779FD4924A5DE020083E5A4 /* TaskEditingView.swift */; };
		B779FD4D24A5E0D60083E5A4 /* ForEach.swift in Sources */ = {isa = PBXBuildFile; fileRef = B779FD4C24A5E0D60083E5A4 /* ForEach.swift */; };
		B779FD4F24A5E0F70083E5A4 /* IndexedCollection.swift in Sources */ = {isa = PBXBuildFile; fileRef = B779FD4E24A5E0F70083E5A4 /* IndexedCollection.swift */; };
		B779FD5124A5E5C50083E5A4 /* Task.Priority.swift in Sources */ = {isa = PBXBuildFile; fileRef = B779FD5024A5E5C50083E5A4 /* Task.Priority.swift */; };
		B779FD5324A5E6690083E5A4 /* TaskStore.PrioritizedTask.swift in Sources */ = {isa = PBXBuildFile; fileRef = B779FD5224A5E6690083E5A4 /* TaskStore.PrioritizedTask.swift */; };
		B779FD5524A5F0B20083E5A4 /* SectionView.swift in Sources */ = {isa = PBXBuildFile; fileRef = B779FD5424A5F0B20083E5A4 /* SectionView.swift */; };
		B7B2F18024A4DD1E00C8D233 /* AppDelegate.swift in Sources */ = {isa = PBXBuildFile; fileRef = B7B2F17F24A4DD1E00C8D233 /* AppDelegate.swift */; };
		B7B2F18224A4DD1E00C8D233 /* SceneDelegate.swift in Sources */ = {isa = PBXBuildFile; fileRef = B7B2F18124A4DD1E00C8D233 /* SceneDelegate.swift */; };
		B7B2F18424A4DD1E00C8D233 /* ContentView.swift in Sources */ = {isa = PBXBuildFile; fileRef = B7B2F18324A4DD1E00C8D233 /* ContentView.swift */; };
		B7B2F18624A4DD2100C8D233 /* Assets.xcassets in Resources */ = {isa = PBXBuildFile; fileRef = B7B2F18524A4DD2100C8D233 /* Assets.xcassets */; };
		B7B2F18924A4DD2100C8D233 /* Preview Assets.xcassets in Resources */ = {isa = PBXBuildFile; fileRef = B7B2F18824A4DD2100C8D233 /* Preview Assets.xcassets */; };
		B7B2F18C24A4DD2100C8D233 /* LaunchScreen.storyboard in Resources */ = {isa = PBXBuildFile; fileRef = B7B2F18A24A4DD2100C8D233 /* LaunchScreen.storyboard */; };
		B7B2F19424A4DF6E00C8D233 /* Task.swift in Sources */ = {isa = PBXBuildFile; fileRef = B7B2F19324A4DF6E00C8D233 /* Task.swift */; };
		B7B2F19724A4E00E00C8D233 /* TaskStore.swift in Sources */ = {isa = PBXBuildFile; fileRef = B7B2F19624A4E00E00C8D233 /* TaskStore.swift */; };
		B7B2F19A24A55DC900C8D233 /* NewTaskView.swift in Sources */ = {isa = PBXBuildFile; fileRef = B7B2F19924A55DC900C8D233 /* NewTaskView.swift */; };
/* End PBXBuildFile section */

/* Begin PBXFileReference section */
		B779FD4724A5D6880083E5A4 /* RowView.swift */ = {isa = PBXFileReference; lastKnownFileType = sourcecode.swift; path = RowView.swift; sourceTree = "<group>"; };
		B779FD4924A5DE020083E5A4 /* TaskEditingView.swift */ = {isa = PBXFileReference; lastKnownFileType = sourcecode.swift; path = TaskEditingView.swift; sourceTree = "<group>"; };
		B779FD4C24A5E0D60083E5A4 /* ForEach.swift */ = {isa = PBXFileReference; lastKnownFileType = sourcecode.swift; path = ForEach.swift; sourceTree = "<group>"; };
		B779FD4E24A5E0F70083E5A4 /* IndexedCollection.swift */ = {isa = PBXFileReference; fileEncoding = 4; lastKnownFileType = sourcecode.swift; name = IndexedCollection.swift; path = "../../../../Downloads/P03E04 Binding/End/TaskList/extension/IndexedCollection.swift"; sourceTree = "<group>"; };
		B779FD5024A5E5C50083E5A4 /* Task.Priority.swift */ = {isa = PBXFileReference; lastKnownFileType = sourcecode.swift; path = Task.Priority.swift; sourceTree = "<group>"; };
		B779FD5224A5E6690083E5A4 /* TaskStore.PrioritizedTask.swift */ = {isa = PBXFileReference; lastKnownFileType = sourcecode.swift; path = TaskStore.PrioritizedTask.swift; sourceTree = "<group>"; };
		B779FD5424A5F0B20083E5A4 /* SectionView.swift */ = {isa = PBXFileReference; lastKnownFileType = sourcecode.swift; path = SectionView.swift; sourceTree = "<group>"; };
		B7B2F17C24A4DD1E00C8D233 /* BookNote.app */ = {isa = PBXFileReference; explicitFileType = wrapper.application; includeInIndex = 0; path = BookNote.app; sourceTree = BUILT_PRODUCTS_DIR; };
		B7B2F17F24A4DD1E00C8D233 /* AppDelegate.swift */ = {isa = PBXFileReference; lastKnownFileType = sourcecode.swift; path = AppDelegate.swift; sourceTree = "<group>"; };
		B7B2F18124A4DD1E00C8D233 /* SceneDelegate.swift */ = {isa = PBXFileReference; lastKnownFileType = sourcecode.swift; path = SceneDelegate.swift; sourceTree = "<group>"; };
		B7B2F18324A4DD1E00C8D233 /* ContentView.swift */ = {isa = PBXFileReference; lastKnownFileType = sourcecode.swift; path = ContentView.swift; sourceTree = "<group>"; };
		B7B2F18524A4DD2100C8D233 /* Assets.xcassets */ = {isa = PBXFileReference; lastKnownFileType = folder.assetcatalog; path = Assets.xcassets; sourceTree = "<group>"; };
		B7B2F18824A4DD2100C8D233 /* Preview Assets.xcassets */ = {isa = PBXFileReference; lastKnownFileType = folder.assetcatalog; path = "Preview Assets.xcassets"; sourceTree = "<group>"; };
		B7B2F18B24A4DD2100C8D233 /* Base */ = {isa = PBXFileReference; lastKnownFileType = file.storyboard; name = Base; path = Base.lproj/LaunchScreen.storyboard; sourceTree = "<group>"; };
		B7B2F18D24A4DD2100C8D233 /* Info.plist */ = {isa = PBXFileReference; lastKnownFileType = text.plist.xml; path = Info.plist; sourceTree = "<group>"; };
		B7B2F19324A4DF6E00C8D233 /* Task.swift */ = {isa = PBXFileReference; lastKnownFileType = sourcecode.swift; path = Task.swift; sourceTree = "<group>"; };
		B7B2F19624A4E00E00C8D233 /* TaskStore.swift */ = {isa = PBXFileReference; lastKnownFileType = sourcecode.swift; path = TaskStore.swift; sourceTree = "<group>"; };
		B7B2F19924A55DC900C8D233 /* NewTaskView.swift */ = {isa = PBXFileReference; lastKnownFileType = sourcecode.swift; path = NewTaskView.swift; sourceTree = "<group>"; };
/* End PBXFileReference section */

/* Begin PBXFrameworksBuildPhase section */
		B7B2F17924A4DD1E00C8D233 /* Frameworks */ = {
			isa = PBXFrameworksBuildPhase;
			buildActionMask = 2147483647;
			files = (
			);
			runOnlyForDeploymentPostprocessing = 0;
		};
/* End PBXFrameworksBuildPhase section */

/* Begin PBXGroup section */
		B779FD4B24A5E0700083E5A4 /* extension */ = {
			isa = PBXGroup;
			children = (
				B779FD4C24A5E0D60083E5A4 /* ForEach.swift */,
				B779FD4E24A5E0F70083E5A4 /* IndexedCollection.swift */,
			);
			path = extension;
			sourceTree = "<group>";
		};
		B7B2F17324A4DD1E00C8D233 = {
			isa = PBXGroup;
			children = (
				B779FD4B24A5E0700083E5A4 /* extension */,
				B7B2F17E24A4DD1E00C8D233 /* BookNote */,
				B7B2F17D24A4DD1E00C8D233 /* Products */,
			);
			sourceTree = "<group>";
		};
		B7B2F17D24A4DD1E00C8D233 /* Products */ = {
			isa = PBXGroup;
			children = (
				B7B2F17C24A4DD1E00C8D233 /* BookNote.app */,
			);
			name = Products;
			sourceTree = "<group>";
		};
		B7B2F17E24A4DD1E00C8D233 /* BookNote */ = {
			isa = PBXGroup;
			children = (
				B7B2F19524A4DF9200C8D233 /* Models */,
				B7B2F17F24A4DD1E00C8D233 /* AppDelegate.swift */,
				B7B2F18124A4DD1E00C8D233 /* SceneDelegate.swift */,
				B7B2F19824A55DA000C8D233 /* Views */,
				B7B2F18524A4DD2100C8D233 /* Assets.xcassets */,
				B7B2F18A24A4DD2100C8D233 /* LaunchScreen.storyboard */,
				B7B2F18D24A4DD2100C8D233 /* Info.plist */,
				B7B2F18724A4DD2100C8D233 /* Preview Content */,
			);
			path = BookNote;
			sourceTree = "<group>";
		};
		B7B2F18724A4DD2100C8D233 /* Preview Content */ = {
			isa = PBXGroup;
			children = (
				B7B2F18824A4DD2100C8D233 /* Preview Assets.xcassets */,
			);
			path = "Preview Content";
			sourceTree = "<group>";
		};
		B7B2F19524A4DF9200C8D233 /* Models */ = {
			isa = PBXGroup;
			children = (
				B7B2F19324A4DF6E00C8D233 /* Task.swift */,
				B779FD5024A5E5C50083E5A4 /* Task.Priority.swift */,
				B7B2F19624A4E00E00C8D233 /* TaskStore.swift */,
				B779FD5224A5E6690083E5A4 /* TaskStore.PrioritizedTask.swift */,
			);
			path = Models;
			sourceTree = "<group>";
		};
		B7B2F19824A55DA000C8D233 /* Views */ = {
			isa = PBXGroup;
			children = (
				B7B2F18324A4DD1E00C8D233 /* ContentView.swift */,
				B7B2F19924A55DC900C8D233 /* NewTaskView.swift */,
				B779FD4724A5D6880083E5A4 /* RowView.swift */,
				B779FD4924A5DE020083E5A4 /* TaskEditingView.swift */,
				B779FD5424A5F0B20083E5A4 /* SectionView.swift */,
			);
			path = Views;
			sourceTree = "<group>";
		};
/* End PBXGroup section */

/* Begin PBXNativeTarget section */
		B7B2F17B24A4DD1E00C8D233 /* BookNote */ = {
			isa = PBXNativeTarget;
			buildConfigurationList = B7B2F19024A4DD2100C8D233 /* Build configuration list for PBXNativeTarget "BookNote" */;
			buildPhases = (
				B7B2F17824A4DD1E00C8D233 /* Sources */,
				B7B2F17924A4DD1E00C8D233 /* Frameworks */,
				B7B2F17A24A4DD1E00C8D233 /* Resources */,
			);
			buildRules = (
			);
			dependencies = (
			);
			name = BookNote;
			productName = BookNote;
			productReference = B7B2F17C24A4DD1E00C8D233 /* BookNote.app */;
			productType = "com.apple.product-type.application";
		};
/* End PBXNativeTarget section */

/* Begin PBXProject section */
		B7B2F17424A4DD1E00C8D233 /* Project object */ = {
			isa = PBXProject;
			attributes = {
				LastSwiftUpdateCheck = 1150;
				LastUpgradeCheck = 1150;
				ORGANIZATIONNAME = "Suryamudti Salmat";
				TargetAttributes = {
					B7B2F17B24A4DD1E00C8D233 = {
						CreatedOnToolsVersion = 11.5;
					};
				};
			};
			buildConfigurationList = B7B2F17724A4DD1E00C8D233 /* Build configuration list for PBXProject "BookNote" */;
			compatibilityVersion = "Xcode 9.3";
			developmentRegion = en;
			hasScannedForEncodings = 0;
			knownRegions = (
				en,
				Base,
			);
			mainGroup = B7B2F17324A4DD1E00C8D233;
			productRefGroup = B7B2F17D24A4DD1E00C8D233 /* Products */;
			projectDirPath = "";
			projectRoot = "";
			targets = (
				B7B2F17B24A4DD1E00C8D233 /* BookNote */,
			);
		};
/* End PBXProject section */

/* Begin PBXResourcesBuildPhase section */
		B7B2F17A24A4DD1E00C8D233 /* Resources */ = {
			isa = PBXResourcesBuildPhase;
			buildActionMask = 2147483647;
			files = (
				B7B2F18C24A4DD2100C8D233 /* LaunchScreen.storyboard in Resources */,
				B7B2F18924A4DD2100C8D233 /* Preview Assets.xcassets in Resources */,
				B7B2F18624A4DD2100C8D233 /* Assets.xcassets in Resources */,
			);
			runOnlyForDeploymentPostprocessing = 0;
		};
/* End PBXResourcesBuildPhase section */

/* Begin PBXSourcesBuildPhase section */
		B7B2F17824A4DD1E00C8D233 /* Sources */ = {
			isa = PBXSourcesBuildPhase;
			buildActionMask = 2147483647;
			files = (
				B779FD5324A5E6690083E5A4 /* TaskStore.PrioritizedTask.swift in Sources */,
				B7B2F19724A4E00E00C8D233 /* TaskStore.swift in Sources */,
				B779FD4F24A5E0F70083E5A4 /* IndexedCollection.swift in Sources */,
				B7B2F19424A4DF6E00C8D233 /* Task.swift in Sources */,
				B779FD4A24A5DE020083E5A4 /* TaskEditingView.swift in Sources */,
				B779FD4D24A5E0D60083E5A4 /* ForEach.swift in Sources */,
				B779FD4824A5D6880083E5A4 /* RowView.swift in Sources */,
				B779FD5124A5E5C50083E5A4 /* Task.Priority.swift in Sources */,
				B779FD5524A5F0B20083E5A4 /* SectionView.swift in Sources */,
				B7B2F19A24A55DC900C8D233 /* NewTaskView.swift in Sources */,
				B7B2F18024A4DD1E00C8D233 /* AppDelegate.swift in Sources */,
				B7B2F18224A4DD1E00C8D233 /* SceneDelegate.swift in Sources */,
				B7B2F18424A4DD1E00C8D233 /* ContentView.swift in Sources */,
			);
			runOnlyForDeploymentPostprocessing = 0;
		};
/* End PBXSourcesBuildPhase section */

/* Begin PBXVariantGroup section */
		B7B2F18A24A4DD2100C8D233 /* LaunchScreen.storyboard */ = {
			isa = PBXVariantGroup;
			children = (
				B7B2F18B24A4DD2100C8D233 /* Base */,
			);
			name = LaunchScreen.storyboard;
			sourceTree = "<group>";
		};
/* End PBXVariantGroup section */

/* Begin XCBuildConfiguration section */
		B7B2F18E24A4DD2100C8D233 /* Debug */ = {
			isa = XCBuildConfiguration;
			buildSettings = {
				ALWAYS_SEARCH_USER_PATHS = NO;
				CLANG_ANALYZER_NONNULL = YES;
				CLANG_ANALYZER_NUMBER_OBJECT_CONVERSION = YES_AGGRESSIVE;
				CLANG_CXX_LANGUAGE_STANDARD = "gnu++14";
				CLANG_CXX_LIBRARY = "libc++";
				CLANG_ENABLE_MODULES = YES;
				CLANG_ENABLE_OBJC_ARC = YES;
				CLANG_ENABLE_OBJC_WEAK = YES;
				CLANG_WARN_BLOCK_CAPTURE_AUTORELEASING = YES;
				CLANG_WARN_BOOL_CONVERSION = YES;
				CLANG_WARN_COMMA = YES;
				CLANG_WARN_CONSTANT_CONVERSION = YES;
				CLANG_WARN_DEPRECATED_OBJC_IMPLEMENTATIONS = YES;
				CLANG_WARN_DIRECT_OBJC_ISA_USAGE = YES_ERROR;
				CLANG_WARN_DOCUMENTATION_COMMENTS = YES;
				CLANG_WARN_EMPTY_BODY = YES;
				CLANG_WARN_ENUM_CONVERSION = YES;
				CLANG_WARN_INFINITE_RECURSION = YES;
				CLANG_WARN_INT_CONVERSION = YES;
				CLANG_WARN_NON_LITERAL_NULL_CONVERSION = YES;
				CLANG_WARN_OBJC_IMPLICIT_RETAIN_SELF = YES;
				CLANG_WARN_OBJC_LITERAL_CONVERSION = YES;
				CLANG_WARN_OBJC_ROOT_CLASS = YES_ERROR;
				CLANG_WARN_RANGE_LOOP_ANALYSIS = YES;
				CLANG_WARN_STRICT_PROTOTYPES = YES;
				CLANG_WARN_SUSPICIOUS_MOVE = YES;
				CLANG_WARN_UNGUARDED_AVAILABILITY = YES_AGGRESSIVE;
				CLANG_WARN_UNREACHABLE_CODE = YES;
				CLANG_WARN__DUPLICATE_METHOD_MATCH = YES;
				COPY_PHASE_STRIP = NO;
				DEBUG_INFORMATION_FORMAT = dwarf;
				ENABLE_STRICT_OBJC_MSGSEND = YES;
				ENABLE_TESTABILITY = YES;
				GCC_C_LANGUAGE_STANDARD = gnu11;
				GCC_DYNAMIC_NO_PIC = NO;
				GCC_NO_COMMON_BLOCKS = YES;
				GCC_OPTIMIZATION_LEVEL = 0;
				GCC_PREPROCESSOR_DEFINITIONS = (
					"DEBUG=1",
					"$(inherited)",
				);
				GCC_WARN_64_TO_32_BIT_CONVERSION = YES;
				GCC_WARN_ABOUT_RETURN_TYPE = YES_ERROR;
				GCC_WARN_UNDECLARED_SELECTOR = YES;
				GCC_WARN_UNINITIALIZED_AUTOS = YES_AGGRESSIVE;
				GCC_WARN_UNUSED_FUNCTION = YES;
				GCC_WARN_UNUSED_VARIABLE = YES;
				IPHONEOS_DEPLOYMENT_TARGET = 13.5;
				MTL_ENABLE_DEBUG_INFO = INCLUDE_SOURCE;
				MTL_FAST_MATH = YES;
				ONLY_ACTIVE_ARCH = YES;
				SDKROOT = iphoneos;
				SWIFT_ACTIVE_COMPILATION_CONDITIONS = DEBUG;
				SWIFT_OPTIMIZATION_LEVEL = "-Onone";
			};
			name = Debug;
		};
		B7B2F18F24A4DD2100C8D233 /* Release */ = {
			isa = XCBuildConfiguration;
			buildSettings = {
				ALWAYS_SEARCH_USER_PATHS = NO;
				CLANG_ANALYZER_NONNULL = YES;
				CLANG_ANALYZER_NUMBER_OBJECT_CONVERSION = YES_AGGRESSIVE;
				CLANG_CXX_LANGUAGE_STANDARD = "gnu++14";
				CLANG_CXX_LIBRARY = "libc++";
				CLANG_ENABLE_MODULES = YES;
				CLANG_ENABLE_OBJC_ARC = YES;
				CLANG_ENABLE_OBJC_WEAK = YES;
				CLANG_WARN_BLOCK_CAPTURE_AUTORELEASING = YES;
				CLANG_WARN_BOOL_CONVERSION = YES;
				CLANG_WARN_COMMA = YES;
				CLANG_WARN_CONSTANT_CONVERSION = YES;
				CLANG_WARN_DEPRECATED_OBJC_IMPLEMENTATIONS = YES;
				CLANG_WARN_DIRECT_OBJC_ISA_USAGE = YES_ERROR;
				CLANG_WARN_DOCUMENTATION_COMMENTS = YES;
				CLANG_WARN_EMPTY_BODY = YES;
				CLANG_WARN_ENUM_CONVERSION = YES;
				CLANG_WARN_INFINITE_RECURSION = YES;
				CLANG_WARN_INT_CONVERSION = YES;
				CLANG_WARN_NON_LITERAL_NULL_CONVERSION = YES;
				CLANG_WARN_OBJC_IMPLICIT_RETAIN_SELF = YES;
				CLANG_WARN_OBJC_LITERAL_CONVERSION = YES;
				CLANG_WARN_OBJC_ROOT_CLASS = YES_ERROR;
				CLANG_WARN_RANGE_LOOP_ANALYSIS = YES;
				CLANG_WARN_STRICT_PROTOTYPES = YES;
				CLANG_WARN_SUSPICIOUS_MOVE = YES;
				CLANG_WARN_UNGUARDED_AVAILABILITY = YES_AGGRESSIVE;
				CLANG_WARN_UNREACHABLE_CODE = YES;
				CLANG_WARN__DUPLICATE_METHOD_MATCH = YES;
				COPY_PHASE_STRIP = NO;
				DEBUG_INFORMATION_FORMAT = "dwarf-with-dsym";
				ENABLE_NS_ASSERTIONS = NO;
				ENABLE_STRICT_OBJC_MSGSEND = YES;
				GCC_C_LANGUAGE_STANDARD = gnu11;
				GCC_NO_COMMON_BLOCKS = YES;
				GCC_WARN_64_TO_32_BIT_CONVERSION = YES;
				GCC_WARN_ABOUT_RETURN_TYPE = YES_ERROR;
				GCC_WARN_UNDECLARED_SELECTOR = YES;
				GCC_WARN_UNINITIALIZED_AUTOS = YES_AGGRESSIVE;
				GCC_WARN_UNUSED_FUNCTION = YES;
				GCC_WARN_UNUSED_VARIABLE = YES;
				IPHONEOS_DEPLOYMENT_TARGET = 13.5;
				MTL_ENABLE_DEBUG_INFO = NO;
				MTL_FAST_MATH = YES;
				SDKROOT = iphoneos;
				SWIFT_COMPILATION_MODE = wholemodule;
				SWIFT_OPTIMIZATION_LEVEL = "-O";
				VALIDATE_PRODUCT = YES;
			};
			name = Release;
		};
		B7B2F19124A4DD2100C8D233 /* Debug */ = {
			isa = XCBuildConfiguration;
			buildSettings = {
				ASSETCATALOG_COMPILER_APPICON_NAME = AppIcon;
				CODE_SIGN_STYLE = Automatic;
				DEVELOPMENT_ASSET_PATHS = "\"BookNote/Preview Content\"";
				ENABLE_PREVIEWS = YES;
				INFOPLIST_FILE = BookNote/Info.plist;
				LD_RUNPATH_SEARCH_PATHS = (
					"$(inherited)",
					"@executable_path/Frameworks",
				);
				PRODUCT_BUNDLE_IDENTIFIER = smile.BookNote;
				PRODUCT_NAME = "$(TARGET_NAME)";
				SWIFT_VERSION = 5.0;
				TARGETED_DEVICE_FAMILY = "1,2";
			};
			name = Debug;
		};
		B7B2F19224A4DD2100C8D233 /* Release */ = {
			isa = XCBuildConfiguration;
			buildSettings = {
				ASSETCATALOG_COMPILER_APPICON_NAME = AppIcon;
				CODE_SIGN_STYLE = Automatic;
				DEVELOPMENT_ASSET_PATHS = "\"BookNote/Preview Content\"";
				ENABLE_PREVIEWS = YES;
				INFOPLIST_FILE = BookNote/Info.plist;
				LD_RUNPATH_SEARCH_PATHS = (
					"$(inherited)",
					"@executable_path/Frameworks",
				);
				PRODUCT_BUNDLE_IDENTIFIER = smile.BookNote;
				PRODUCT_NAME = "$(TARGET_NAME)";
				SWIFT_VERSION = 5.0;
				TARGETED_DEVICE_FAMILY = "1,2";
			};
			name = Release;
		};
/* End XCBuildConfiguration section */

/* Begin XCConfigurationList section */
		B7B2F17724A4DD1E00C8D233 /* Build configuration list for PBXProject "BookNote" */ = {
			isa = XCConfigurationList;
			buildConfigurations = (
				B7B2F18E24A4DD2100C8D233 /* Debug */,
				B7B2F18F24A4DD2100C8D233 /* Release */,
			);
			defaultConfigurationIsVisible = 0;
			defaultConfigurationName = Release;
		};
		B7B2F19024A4DD2100C8D233 /* Build configuration list for PBXNativeTarget "BookNote" */ = {
			isa = XCConfigurationList;
			buildConfigurations = (
				B7B2F19124A4DD2100C8D233 /* Debug */,
				B7B2F19224A4DD2100C8D233 /* Release */,
			);
			defaultConfigurationIsVisible = 0;
			defaultConfigurationName = Release;
		};
/* End XCConfigurationList section */
	};
	rootObject = B7B2F17424A4DD1E00C8D233 /* Project object */;
}
